
Microsoft Visual Studio Solution File, Format Version 12.00
# Visual Studio Version 17
VisualStudioVersion = 17.1.32210.238
MinimumVisualStudioVersion = 10.0.40219.1
Project("{FAE04EC0-301F-11D3-BF4B-00C04F79EFBC}") = "dedijakritizacija_fajlova", "dedijakritizacija_fajlova\dedijakritizacija_fajlova.csproj", "{8D589A71-0309-4BD7-AAB8-3DAD2C031306}"
EndProject
Global
	GlobalSection(SolutionConfigurationPlatforms) = preSolution
		Debug|Any CPU = Debug|Any CPU
		Release|Any CPU = Release|Any CPU
	EndGlobalSection
	GlobalSection(ProjectConfigurationPlatforms) = postSolution
		{8D589A71-0309-4BD7-AAB8-3DAD2C031306}.Debug|Any CPU.ActiveCfg = Debug|Any CPU
		{8D589A71-0309-4BD7-AAB8-3DAD2C031306}.Debug|Any CPU.Build.0 = Debug|Any CPU
		{8D589A71-0309-4BD7-AAB8-3DAD2C031306}.Release|Any CPU.ActiveCfg = Release|Any CPU
		{8D589A71-0309-4BD7-AAB8-3DAD2C031306}.Release|Any CPU.Build.0 = Release|Any CPU
	EndGlobalSection
	GlobalSection(SolutionProperties) = preSolution
		HideSolutionNode = FALSE
	EndGlobalSection
	GlobalSection(ExtensibilityGlobals) = postSolution
		SolutionGuid = {C8AF0179-27AD-4E35-BF9C-DAACBDC01641}
	EndGlobalSection
EndGlobal
